
Microsoft Visual Studio Solution File, Format Version 12.00
# Visual Studio 15
VisualStudioVersion = 15.0.26124.0
MinimumVisualStudioVersion = 15.0.26124.0
Project("{FAE04EC0-301F-11D3-BF4B-00C04F79EFBC}") = "asp_web_app", "asp_web_app\asp_web_app.csproj", "{2E5CE8C2-4238-4726-9A8E-CF6F8A8BB48E}"
EndProject
Project("{FAE04EC0-301F-11D3-BF4B-00C04F79EFBC}") = "class_lib", "class_lib\class_lib.csproj", "{2FBAA65D-2F7E-4497-B3F8-935D081900E5}"
EndProject
Global
	GlobalSection(SolutionConfigurationPlatforms) = preSolution
		Debug|Any CPU = Debug|Any CPU
		Debug|x64 = Debug|x64
		Debug|x86 = Debug|x86
		Release|Any CPU = Release|Any CPU
		Release|x64 = Release|x64
		Release|x86 = Release|x86
	EndGlobalSection
	GlobalSection(SolutionProperties) = preSolution
		HideSolutionNode = FALSE
	EndGlobalSection
	GlobalSection(ProjectConfigurationPlatforms) = postSolution
		{2E5CE8C2-4238-4726-9A8E-CF6F8A8BB48E}.Debug|Any CPU.ActiveCfg = Debug|Any CPU
		{2E5CE8C2-4238-4726-9A8E-CF6F8A8BB48E}.Debug|Any CPU.Build.0 = Debug|Any CPU
		{2E5CE8C2-4238-4726-9A8E-CF6F8A8BB48E}.Debug|x64.ActiveCfg = Debug|Any CPU
		{2E5CE8C2-4238-4726-9A8E-CF6F8A8BB48E}.Debug|x64.Build.0 = Debug|Any CPU
		{2E5CE8C2-4238-4726-9A8E-CF6F8A8BB48E}.Debug|x86.ActiveCfg = Debug|Any CPU
		{2E5CE8C2-4238-4726-9A8E-CF6F8A8BB48E}.Debug|x86.Build.0 = Debug|Any CPU
		{2E5CE8C2-4238-4726-9A8E-CF6F8A8BB48E}.Release|Any CPU.ActiveCfg = Release|Any CPU
		{2E5CE8C2-4238-4726-9A8E-CF6F8A8BB48E}.Release|Any CPU.Build.0 = Release|Any CPU
		{2E5CE8C2-4238-4726-9A8E-CF6F8A8BB48E}.Release|x64.ActiveCfg = Release|Any CPU
		{2E5CE8C2-4238-4726-9A8E-CF6F8A8BB48E}.Release|x64.Build.0 = Release|Any CPU
		{2E5CE8C2-4238-4726-9A8E-CF6F8A8BB48E}.Release|x86.ActiveCfg = Release|Any CPU
		{2E5CE8C2-4238-4726-9A8E-CF6F8A8BB48E}.Release|x86.Build.0 = Release|Any CPU
		{2FBAA65D-2F7E-4497-B3F8-935D081900E5}.Debug|Any CPU.ActiveCfg = Debug|Any CPU
		{2FBAA65D-2F7E-4497-B3F8-935D081900E5}.Debug|Any CPU.Build.0 = Debug|Any CPU
		{2FBAA65D-2F7E-4497-B3F8-935D081900E5}.Debug|x64.ActiveCfg = Debug|Any CPU
		{2FBAA65D-2F7E-4497-B3F8-935D081900E5}.Debug|x64.Build.0 = Debug|Any CPU
		{2FBAA65D-2F7E-4497-B3F8-935D081900E5}.Debug|x86.ActiveCfg = Debug|Any CPU
		{2FBAA65D-2F7E-4497-B3F8-935D081900E5}.Debug|x86.Build.0 = Debug|Any CPU
		{2FBAA65D-2F7E-4497-B3F8-935D081900E5}.Release|Any CPU.ActiveCfg = Release|Any CPU
		{2FBAA65D-2F7E-4497-B3F8-935D081900E5}.Release|Any CPU.Build.0 = Release|Any CPU
		{2FBAA65D-2F7E-4497-B3F8-935D081900E5}.Release|x64.ActiveCfg = Release|Any CPU
		{2FBAA65D-2F7E-4497-B3F8-935D081900E5}.Release|x64.Build.0 = Release|Any CPU
		{2FBAA65D-2F7E-4497-B3F8-935D081900E5}.Release|x86.ActiveCfg = Release|Any CPU
		{2FBAA65D-2F7E-4497-B3F8-935D081900E5}.Release|x86.Build.0 = Release|Any CPU
	EndGlobalSection
EndGlobal
